# This file is automatically @generated by Cargo.
# It is not intended for manual editing.
version = 4

[[package]]
name = "mfm-live-adapter-authority-prototype"
version = "0.0.0"
dependencies = [
 "mfm-program-authority-prototype",
 "mfm-runtime-authority-prototype",
 "mfm-store-authority-prototype",
]

[[package]]
name = "mfm-program-authority-prototype"
version = "0.0.0"

[[package]]
name = "mfm-runtime-authority-prototype"
version = "0.0.0"
dependencies = [
 "mfm-program-authority-prototype",
 "mfm-store-authority-prototype",
]

[[package]]
name = "mfm-store-authority-prototype"
version = "0.0.0"
